
Microsoft Visual Studio Solution File, Format Version 12.00
# Visual Studio 15
VisualStudioVersion = 15.0.28307.421
MinimumVisualStudioVersion = 10.0.40219.1
Project("{FAE04EC0-301F-11D3-BF4B-00C04F79EFBC}") = "TicTac_TicTac_Toe", "TicTac_TicTac_Toe\TicTac_TicTac_Toe.csproj", "{4D492EAD-C65A-43BD-841A-39FD3495FAF1}"
EndProject
Global
	GlobalSection(SolutionConfigurationPlatforms) = preSolution
		Debug|Any CPU = Debug|Any CPU
		Release|Any CPU = Release|Any CPU
	EndGlobalSection
	GlobalSection(ProjectConfigurationPlatforms) = postSolution
		{4D492EAD-C65A-43BD-841A-39FD3495FAF1}.Debug|Any CPU.ActiveCfg = Debug|Any CPU
		{4D492EAD-C65A-43BD-841A-39FD3495FAF1}.Debug|Any CPU.Build.0 = Debug|Any CPU
		{4D492EAD-C65A-43BD-841A-39FD3495FAF1}.Release|Any CPU.ActiveCfg = Release|Any CPU
		{4D492EAD-C65A-43BD-841A-39FD3495FAF1}.Release|Any CPU.Build.0 = Release|Any CPU
	EndGlobalSection
	GlobalSection(SolutionProperties) = preSolution
		HideSolutionNode = FALSE
	EndGlobalSection
	GlobalSection(ExtensibilityGlobals) = postSolution
		SolutionGuid = {BE805B23-A207-415B-AF32-93DC4489B3BA}
	EndGlobalSection
EndGlobal
